# @generated - this file is auto-generated by `mise lock` https://mise.jdx.dev/dev-tools/mise-lock.html

lockfile_version = 1

[[tools."github:nubjs/nub"]]
version = "0.7.5"
backend = "github:nubjs/nub"
specifiers = ["latest"]

[[tools.hk]]
version = "1.57.0"
backend = "aqua:jdx/hk"
specifiers = ["latest"]

[[tools.node]]
version = "26.8.1"
backend = "core:node"
specifiers = ["latest"]

[[tools.pkl]]
version = "0.32.1"
backend = "aqua:apple/pkl"
specifiers = ["latest"]
