# @generated - this file is auto-generated by `mise lock` https://mise.jdx.dev/dev-tools/mise-lock.html

lockfile_version = 3

[[tools."github:nubjs/nub"]]
version = "0.9.6"
backend = "github:nubjs/nub"
specifiers = ["latest"]

[tools."github:nubjs/nub"."platforms.linux-arm64"]
checksum = "sha256:d8223f600726a97108e47f8e89730fb893d0c6a640f606c854ec3fe39591eaf7"
url = "https://github.com/nubjs/nub/releases/download/v0.9.6/nub-linux-arm64.tar.gz"
url_api = "https://api.github.com/repos/nubjs/nub/releases/assets/602072790"

[tools."github:nubjs/nub"."platforms.linux-arm64-musl"]
checksum = "sha256:ea0026b1c7f2f5d14de927019a5faefc7161e3412ac45ca035346955322b08fa"
url = "https://github.com/nubjs/nub/releases/download/v0.9.6/nub-linux-arm64-musl.tar.gz"
url_api = "https://api.github.com/repos/nubjs/nub/releases/assets/602072850"

[tools."github:nubjs/nub"."platforms.linux-x64"]
checksum = "sha256:77220dc6deb6ebbdb0a282c61b80a157e32016e088f3632d8fb4bf74a931e4ce"
url = "https://github.com/nubjs/nub/releases/download/v0.9.6/nub-linux-x64.tar.gz"
url_api = "https://api.github.com/repos/nubjs/nub/releases/assets/602072619"

[tools."github:nubjs/nub"."platforms.linux-x64-musl"]
checksum = "sha256:506b59abcc7479d15cabe7c4d049b13caa6a9ffde37b569150637949dae4e822"
url = "https://github.com/nubjs/nub/releases/download/v0.9.6/nub-linux-x64-musl.tar.gz"
url_api = "https://api.github.com/repos/nubjs/nub/releases/assets/602072724"

[tools."github:nubjs/nub"."platforms.macos-arm64"]
checksum = "sha256:d2526af860b79818c10e69fe75f8188670247a966c1441d33526b15677b2b508"
url = "https://github.com/nubjs/nub/releases/download/v0.9.6/nub-darwin-arm64.tar.gz"
url_api = "https://api.github.com/repos/nubjs/nub/releases/assets/602072484"

[tools."github:nubjs/nub"."platforms.macos-x64"]
checksum = "sha256:653c81a5b9700421ccb3e91b7cb84cbcb7bdc02f73cd9cc5a5ec221d04b9e69f"
url = "https://github.com/nubjs/nub/releases/download/v0.9.6/nub-darwin-x64.tar.gz"
url_api = "https://api.github.com/repos/nubjs/nub/releases/assets/602072548"

[tools."github:nubjs/nub"."platforms.windows-x64"]
checksum = "sha256:7dddb16975354d73e16c0e7168cc453738bb2c1c03f6a8d6690326e466ed7c6a"
url = "https://github.com/nubjs/nub/releases/download/v0.9.6/nub-win32-x64.zip"
url_api = "https://api.github.com/repos/nubjs/nub/releases/assets/602072908"

[[tools.hk]]
version = "2.4.0"
backend = "packslip:github.com/jdx/hk"
specifiers = ["latest"]

[tools.hk."platforms.linux-arm64"]
checksum = "sha256:836235bd8aa06f25e7ff28591b32efb5297abe55366e912095636a49ffe4d363"
url = "https://github.com/jdx/hk/releases/download/v2.4.0/hk-aarch64-unknown-linux-gnu.tar.gz"
signer = "sigstore-oidc:https://github.com/jdx/hk/.github/workflows/release.yml"
repository_ids = { repository = "922514152", owner = "216188" }

[tools.hk."platforms.linux-arm64-musl"]
checksum = "sha256:ad5c5a556e0a505d9a3441868217976bd4ae610e1364e93516993b9717d9ef28"
url = "https://github.com/jdx/hk/releases/download/v2.4.0/hk-aarch64-unknown-linux-musl.tar.gz"
signer = "sigstore-oidc:https://github.com/jdx/hk/.github/workflows/release.yml"
repository_ids = { repository = "922514152", owner = "216188" }

[tools.hk."platforms.linux-x64"]
checksum = "sha256:6efabe30aeabc4611a42ce6cf0fd46b9a19478e2cfd9acfd1bd93998736f3153"
url = "https://github.com/jdx/hk/releases/download/v2.4.0/hk-x86_64-unknown-linux-gnu.tar.gz"
signer = "sigstore-oidc:https://github.com/jdx/hk/.github/workflows/release.yml"
repository_ids = { repository = "922514152", owner = "216188" }

[tools.hk."platforms.linux-x64-musl"]
checksum = "sha256:f34598671ca40be5c308324a60ef30b736dbbbf4259dfb511abd79009ee4de2a"
url = "https://github.com/jdx/hk/releases/download/v2.4.0/hk-x86_64-unknown-linux-musl.tar.gz"
signer = "sigstore-oidc:https://github.com/jdx/hk/.github/workflows/release.yml"
repository_ids = { repository = "922514152", owner = "216188" }

[tools.hk."platforms.macos-arm64"]
checksum = "sha256:6e1c970b9de7ab4ee52c85869b2ea9cfe8769d25a0fe9536062e0ba62366ec59"
url = "https://github.com/jdx/hk/releases/download/v2.4.0/hk-aarch64-apple-darwin.tar.gz"
signer = "sigstore-oidc:https://github.com/jdx/hk/.github/workflows/release.yml"
repository_ids = { repository = "922514152", owner = "216188" }

[tools.hk."platforms.windows-x64"]
checksum = "sha256:028931e00fd670ad891a428bf44e14ac8e2726a8f72b7fae80b27b6502af2be3"
url = "https://github.com/jdx/hk/releases/download/v2.4.0/hk-x86_64-pc-windows-msvc.zip"
signer = "sigstore-oidc:https://github.com/jdx/hk/.github/workflows/release.yml"
repository_ids = { repository = "922514152", owner = "216188" }

[[tools.node]]
version = "26.10.0"
backend = "core:node"
specifiers = ["latest"]

[tools.node."platforms.linux-arm64"]
checksum = "sha256:423a41bff8e2a2fa15e702fefe2919ef95823b2378744daccb8439302534b44f"
url = "https://nodejs.org/dist/v26.10.0/node-v26.10.0-linux-arm64.tar.gz"

[tools.node."platforms.linux-arm64-musl"]
checksum = "sha256:d26027bff3197050d2a2b0bfa151b18e8378ed81affa2bf5093804db158979b6"
url = "https://unofficial-builds.nodejs.org/download/release/v26.10.0/node-v26.10.0-linux-arm64-musl.tar.gz"

[tools.node."platforms.linux-x64"]
checksum = "sha256:cb5c9ce9c80d7b8821e3a258543c71b939138cf17c74d5cc44bbe85d6dbc5ad8"
url = "https://nodejs.org/dist/v26.10.0/node-v26.10.0-linux-x64.tar.gz"

[tools.node."platforms.linux-x64-musl"]
checksum = "sha256:e42da94821b9422eb76bf5aaf4de0977e04ba320b8aff6148d895a94b08ee223"
url = "https://unofficial-builds.nodejs.org/download/release/v26.10.0/node-v26.10.0-linux-x64-musl.tar.gz"

[tools.node."platforms.macos-arm64"]
checksum = "sha256:751fdf7439f115d87ee2a8f3f18c065b6151852068e3e666ac60ac2996f75ac9"
url = "https://nodejs.org/dist/v26.10.0/node-v26.10.0-darwin-arm64.tar.gz"

[tools.node."platforms.macos-x64"]
checksum = "sha256:ebbe9ab9b58ad6bb54390d6e2c862c1afa7d4475fb7e8ae8146acde211bf70df"
url = "https://nodejs.org/dist/v26.10.0/node-v26.10.0-darwin-x64.tar.gz"

[tools.node."platforms.windows-x64"]
checksum = "sha256:9fef7eca6743a6b910989cd8e78712376b394fcb9b6e1e9c44a0799a287f90c5"
url = "https://nodejs.org/dist/v26.10.0/node-v26.10.0-win-x64.zip"

[[tools.pkl]]
version = "0.32.1"
backend = "aqua:apple/pkl"
specifiers = ["latest"]

[tools.pkl."platforms.linux-arm64"]
checksum = "sha256:a76d2dd47da435a8f911b0347373f47c7e59ea54fb75ff846d20b8df10dba058"
url = "https://github.com/apple/pkl/releases/download/0.32.1/pkl-linux-aarch64"
url_api = "https://api.github.com/repos/apple/pkl/releases/assets/487426568"

[tools.pkl."platforms.linux-arm64-musl"]
checksum = "sha256:a76d2dd47da435a8f911b0347373f47c7e59ea54fb75ff846d20b8df10dba058"
url = "https://github.com/apple/pkl/releases/download/0.32.1/pkl-linux-aarch64"
url_api = "https://api.github.com/repos/apple/pkl/releases/assets/487426568"

[tools.pkl."platforms.linux-x64"]
checksum = "sha256:3180b62da95c0cad1d904e9bb6c5f4a8f9032413c21e53194bb91ff1ee5f3211"
url = "https://github.com/apple/pkl/releases/download/0.32.1/pkl-linux-amd64"
url_api = "https://api.github.com/repos/apple/pkl/releases/assets/487426567"

[tools.pkl."platforms.linux-x64-musl"]
checksum = "sha256:3180b62da95c0cad1d904e9bb6c5f4a8f9032413c21e53194bb91ff1ee5f3211"
url = "https://github.com/apple/pkl/releases/download/0.32.1/pkl-linux-amd64"
url_api = "https://api.github.com/repos/apple/pkl/releases/assets/487426567"

[tools.pkl."platforms.macos-arm64"]
checksum = "sha256:563eb51c9a20b16a3625464ed745c675ed9750381f2126722696a0d7cac1d9d3"
url = "https://github.com/apple/pkl/releases/download/0.32.1/pkl-macos-aarch64"
url_api = "https://api.github.com/repos/apple/pkl/releases/assets/487426570"

[tools.pkl."platforms.macos-x64"]
checksum = "sha256:5b74b903234047960144f66f2cebdd12d267d9b98e8155ed91d2ae5ed27e2d1f"
url = "https://github.com/apple/pkl/releases/download/0.32.1/pkl-macos-amd64"
url_api = "https://api.github.com/repos/apple/pkl/releases/assets/487426599"

[tools.pkl."platforms.windows-x64"]
checksum = "sha256:8550a00fcf027335e42c5e2cd553b88e98845408cb1880b3e3d1860caf46d22a"
url = "https://github.com/apple/pkl/releases/download/0.32.1/pkl-windows-amd64.exe"
url_api = "https://api.github.com/repos/apple/pkl/releases/assets/487426668"
